
Microsoft Visual Studio Solution File, Format Version 12.00
# Visual Studio 15
VisualStudioVersion = 15.0.28010.2019
MinimumVisualStudioVersion = 10.0.40219.1
Project("{2150E333-8FDC-42A3-9474-1A3956D46DE8}") = "Tests", "Tests", "{D7062567-9C24-4F94-B99F-B78A0C48DEE9}"
EndProject
Project("{2150E333-8FDC-42A3-9474-1A3956D46DE8}") = "Source", "Source", "{67E40D18-BD49-4101-9CB6-E2CFB28284AE}"
EndProject
Project("{9A19103F-16F7-4668-BE54-9A1E7A4F7556}") = "ExtensionLib", "Source\ExtensionLib\ExtensionLib.csproj", "{CA9AAE26-A7B0-4AFB-AEF3-0247C2D1BD28}"
EndProject
Project("{9A19103F-16F7-4668-BE54-9A1E7A4F7556}") = "MathCalculators", "Source\MathCalculators\MathCalculators.csproj", "{F68E2612-2A52-43BF-8781-7309E18F4DEB}"
EndProject
Project("{9A19103F-16F7-4668-BE54-9A1E7A4F7556}") = "XCalculateLib", "Source\XCalculateLib\XCalculateLib.csproj", "{82D39AF9-6375-442A-A7CE-308176C43BCE}"
EndProject
Project("{9A19103F-16F7-4668-BE54-9A1E7A4F7556}") = "XCalculateManagerLib", "Source\XCalculateManagerLib\XCalculateManagerLib.csproj", "{33E6E9FB-9CDD-422D-8BF6-9FF3A2FFCFC7}"
EndProject
Project("{9A19103F-16F7-4668-BE54-9A1E7A4F7556}") = "XCalculateLib.Tests.Unit", "Tests\XCalculateLib.Tests.Unit\XCalculateLib.Tests.Unit.csproj", "{5160093B-4B98-45F6-A05E-66ACC4021B1A}"
EndProject
Project("{9A19103F-16F7-4668-BE54-9A1E7A4F7556}") = "XCalculateManagerLib.Tests.Functional", "Tests\XCalculateManagerLib.Tests.Functional\XCalculateManagerLib.Tests.Functional.csproj", "{E6ACB30F-FB50-4B85-A415-40458D8926F0}"
EndProject
Project("{9A19103F-16F7-4668-BE54-9A1E7A4F7556}") = "MathCalculators.Tests.Functional", "Tests\MathCalculators.Tests.Functional\MathCalculators.Tests.Functional.csproj", "{A4C710CB-C14F-44EB-9E30-02BA24AFF899}"
EndProject
Project("{FAE04EC0-301F-11D3-BF4B-00C04F79EFBC}") = "XCalculate.Web.App", "Source\XCalculate.Web.App\XCalculate.Web.App.csproj", "{BAAE785B-7802-4FF2-8F0C-CBE119D49D3E}"
EndProject
Project("{9A19103F-16F7-4668-BE54-9A1E7A4F7556}") = "XCalculate.Web.Core", "Source\XCalculate.Web.Core\XCalculate.Web.Core.csproj", "{0AF0C2D2-26F2-4658-B7A0-B38A4DD793E4}"
EndProject
Project("{FAE04EC0-301F-11D3-BF4B-00C04F79EFBC}") = "XCalculate.Web.Infrastructure", "Source\XCalculate.Web.Infrastructure\XCalculate.Web.Infrastructure.csproj", "{C10C8AFC-10B0-47FE-8334-9DBFF041AE30}"
EndProject
Project("{2150E333-8FDC-42A3-9474-1A3956D46DE8}") = "Solution Items", "Solution Items", "{B58F7BAC-D70B-41ED-992A-0A2B2BFC2A74}"
	ProjectSection(SolutionItems) = preProject
		.gitignore = .gitignore
	EndProjectSection
EndProject
Global
	GlobalSection(SolutionConfigurationPlatforms) = preSolution
		Debug|Any CPU = Debug|Any CPU
		Release|Any CPU = Release|Any CPU
	EndGlobalSection
	GlobalSection(ProjectConfigurationPlatforms) = postSolution
		{CA9AAE26-A7B0-4AFB-AEF3-0247C2D1BD28}.Debug|Any CPU.ActiveCfg = Debug|Any CPU
		{CA9AAE26-A7B0-4AFB-AEF3-0247C2D1BD28}.Debug|Any CPU.Build.0 = Debug|Any CPU
		{CA9AAE26-A7B0-4AFB-AEF3-0247C2D1BD28}.Release|Any CPU.ActiveCfg = Release|Any CPU
		{CA9AAE26-A7B0-4AFB-AEF3-0247C2D1BD28}.Release|Any CPU.Build.0 = Release|Any CPU
		{F68E2612-2A52-43BF-8781-7309E18F4DEB}.Debug|Any CPU.ActiveCfg = Debug|Any CPU
		{F68E2612-2A52-43BF-8781-7309E18F4DEB}.Debug|Any CPU.Build.0 = Debug|Any CPU
		{F68E2612-2A52-43BF-8781-7309E18F4DEB}.Release|Any CPU.ActiveCfg = Release|Any CPU
		{F68E2612-2A52-43BF-8781-7309E18F4DEB}.Release|Any CPU.Build.0 = Release|Any CPU
		{82D39AF9-6375-442A-A7CE-308176C43BCE}.Debug|Any CPU.ActiveCfg = Debug|Any CPU
		{82D39AF9-6375-442A-A7CE-308176C43BCE}.Debug|Any CPU.Build.0 = Debug|Any CPU
		{82D39AF9-6375-442A-A7CE-308176C43BCE}.Release|Any CPU.ActiveCfg = Release|Any CPU
		{82D39AF9-6375-442A-A7CE-308176C43BCE}.Release|Any CPU.Build.0 = Release|Any CPU
		{33E6E9FB-9CDD-422D-8BF6-9FF3A2FFCFC7}.Debug|Any CPU.ActiveCfg = Debug|Any CPU
		{33E6E9FB-9CDD-422D-8BF6-9FF3A2FFCFC7}.Debug|Any CPU.Build.0 = Debug|Any CPU
		{33E6E9FB-9CDD-422D-8BF6-9FF3A2FFCFC7}.Release|Any CPU.ActiveCfg = Release|Any CPU
		{33E6E9FB-9CDD-422D-8BF6-9FF3A2FFCFC7}.Release|Any CPU.Build.0 = Release|Any CPU
		{5160093B-4B98-45F6-A05E-66ACC4021B1A}.Debug|Any CPU.ActiveCfg = Debug|Any CPU
		{5160093B-4B98-45F6-A05E-66ACC4021B1A}.Debug|Any CPU.Build.0 = Debug|Any CPU
		{5160093B-4B98-45F6-A05E-66ACC4021B1A}.Release|Any CPU.ActiveCfg = Release|Any CPU
		{5160093B-4B98-45F6-A05E-66ACC4021B1A}.Release|Any CPU.Build.0 = Release|Any CPU
		{E6ACB30F-FB50-4B85-A415-40458D8926F0}.Debug|Any CPU.ActiveCfg = Debug|Any CPU
		{E6ACB30F-FB50-4B85-A415-40458D8926F0}.Debug|Any CPU.Build.0 = Debug|Any CPU
		{E6ACB30F-FB50-4B85-A415-40458D8926F0}.Release|Any CPU.ActiveCfg = Release|Any CPU
		{E6ACB30F-FB50-4B85-A415-40458D8926F0}.Release|Any CPU.Build.0 = Release|Any CPU
		{A4C710CB-C14F-44EB-9E30-02BA24AFF899}.Debug|Any CPU.ActiveCfg = Debug|Any CPU
		{A4C710CB-C14F-44EB-9E30-02BA24AFF899}.Debug|Any CPU.Build.0 = Debug|Any CPU
		{A4C710CB-C14F-44EB-9E30-02BA24AFF899}.Release|Any CPU.ActiveCfg = Release|Any CPU
		{A4C710CB-C14F-44EB-9E30-02BA24AFF899}.Release|Any CPU.Build.0 = Release|Any CPU
		{BAAE785B-7802-4FF2-8F0C-CBE119D49D3E}.Debug|Any CPU.ActiveCfg = Debug|Any CPU
		{BAAE785B-7802-4FF2-8F0C-CBE119D49D3E}.Debug|Any CPU.Build.0 = Debug|Any CPU
		{BAAE785B-7802-4FF2-8F0C-CBE119D49D3E}.Release|Any CPU.ActiveCfg = Release|Any CPU
		{BAAE785B-7802-4FF2-8F0C-CBE119D49D3E}.Release|Any CPU.Build.0 = Release|Any CPU
		{0AF0C2D2-26F2-4658-B7A0-B38A4DD793E4}.Debug|Any CPU.ActiveCfg = Debug|Any CPU
		{0AF0C2D2-26F2-4658-B7A0-B38A4DD793E4}.Debug|Any CPU.Build.0 = Debug|Any CPU
		{0AF0C2D2-26F2-4658-B7A0-B38A4DD793E4}.Release|Any CPU.ActiveCfg = Release|Any CPU
		{0AF0C2D2-26F2-4658-B7A0-B38A4DD793E4}.Release|Any CPU.Build.0 = Release|Any CPU
		{C10C8AFC-10B0-47FE-8334-9DBFF041AE30}.Debug|Any CPU.ActiveCfg = Debug|Any CPU
		{C10C8AFC-10B0-47FE-8334-9DBFF041AE30}.Debug|Any CPU.Build.0 = Debug|Any CPU
		{C10C8AFC-10B0-47FE-8334-9DBFF041AE30}.Release|Any CPU.ActiveCfg = Release|Any CPU
		{C10C8AFC-10B0-47FE-8334-9DBFF041AE30}.Release|Any CPU.Build.0 = Release|Any CPU
	EndGlobalSection
	GlobalSection(SolutionProperties) = preSolution
		HideSolutionNode = FALSE
	EndGlobalSection
	GlobalSection(NestedProjects) = preSolution
		{CA9AAE26-A7B0-4AFB-AEF3-0247C2D1BD28} = {67E40D18-BD49-4101-9CB6-E2CFB28284AE}
		{F68E2612-2A52-43BF-8781-7309E18F4DEB} = {67E40D18-BD49-4101-9CB6-E2CFB28284AE}
		{82D39AF9-6375-442A-A7CE-308176C43BCE} = {67E40D18-BD49-4101-9CB6-E2CFB28284AE}
		{33E6E9FB-9CDD-422D-8BF6-9FF3A2FFCFC7} = {67E40D18-BD49-4101-9CB6-E2CFB28284AE}
		{5160093B-4B98-45F6-A05E-66ACC4021B1A} = {D7062567-9C24-4F94-B99F-B78A0C48DEE9}
		{E6ACB30F-FB50-4B85-A415-40458D8926F0} = {D7062567-9C24-4F94-B99F-B78A0C48DEE9}
		{A4C710CB-C14F-44EB-9E30-02BA24AFF899} = {D7062567-9C24-4F94-B99F-B78A0C48DEE9}
		{BAAE785B-7802-4FF2-8F0C-CBE119D49D3E} = {67E40D18-BD49-4101-9CB6-E2CFB28284AE}
		{0AF0C2D2-26F2-4658-B7A0-B38A4DD793E4} = {67E40D18-BD49-4101-9CB6-E2CFB28284AE}
		{C10C8AFC-10B0-47FE-8334-9DBFF041AE30} = {67E40D18-BD49-4101-9CB6-E2CFB28284AE}
	EndGlobalSection
	GlobalSection(ExtensibilityGlobals) = postSolution
		SolutionGuid = {B9FEE5D5-4CEC-46D9-BCAC-7BFCFA44932C}
	EndGlobalSection
EndGlobal
